
Microsoft Visual Studio Solution File, Format Version 12.00
# Visual Studio Version 17
VisualStudioVersion = 17.8.34322.80
MinimumVisualStudioVersion = 10.0.40219.1
Project("{2150E333-8FDC-42A3-9474-1A3956D46DE8}") = "SideCars", "SideCars", "{54159A68-48A6-4498-B360-3CEE19943AFF}"
EndProject
Project("{2150E333-8FDC-42A3-9474-1A3956D46DE8}") = "Posts", "Posts", "{9FBBC480-1D34-4DED-81A9-0A8EFB49A7E6}"
EndProject
Project("{FAE04EC0-301F-11D3-BF4B-00C04F79EFBC}") = "DomainEntity", "DomainEntity\DomainEntity.csproj", "{42FD6F75-2A5F-4581-8CE2-DDB5216FEA2B}"
EndProject
Project("{FAE04EC0-301F-11D3-BF4B-00C04F79EFBC}") = "ReadWebApi", "ReadWebApi\ReadWebApi.csproj", "{F1C0DBE4-8679-4AA2-A0A5-566E67975C7F}"
EndProject
Project("{FAE04EC0-301F-11D3-BF4B-00C04F79EFBC}") = "Repository", "Repository\Repository.csproj", "{5E2DECD3-EDB4-4B8F-B888-FD1E7A43101B}"
EndProject
Project("{FAE04EC0-301F-11D3-BF4B-00C04F79EFBC}") = "Service", "Services\Service.csproj", "{532ACA35-99CE-4008-801C-4BCB1DA0EE34}"
EndProject
Project("{FAE04EC0-301F-11D3-BF4B-00C04F79EFBC}") = "WriteWebApi", "WriteWebApi\WriteWebApi.csproj", "{41E791BB-6006-4159-B1D8-2BE2CF30D372}"
EndProject
Project("{FAE04EC0-301F-11D3-BF4B-00C04F79EFBC}") = "SyncingSidecar", "SyncingSidecar\SyncingSidecar.csproj", "{E61E7910-569D-4142-A4D1-80DF36B24728}"
EndProject
Project("{2150E333-8FDC-42A3-9474-1A3956D46DE8}") = "Presentation", "Presentation", "{02EA681E-C7D8-13C7-8484-4AC65E1B71E8}"
EndProject
Project("{2150E333-8FDC-42A3-9474-1A3956D46DE8}") = "Infrastructures", "Infrastructures", "{AB38A7B5-C3D9-492C-B3EB-53020AC22868}"
EndProject
Project("{2150E333-8FDC-42A3-9474-1A3956D46DE8}") = "Core", "Core", "{694DDF6D-3A25-4378-A901-18DA035F569F}"
EndProject
Project("{2150E333-8FDC-42A3-9474-1A3956D46DE8}") = "Application", "Application", "{563B99FD-A062-4B46-AD42-8772C6ABA419}"
EndProject
Project("{FAE04EC0-301F-11D3-BF4B-00C04F79EFBC}") = "Postgres.Infrastructure", "Postgres.Infrastructure\Postgres.Infrastructure.csproj", "{113C9FBA-3FF5-4471-85DB-EA642A0B7581}"
EndProject
Project("{FAE04EC0-301F-11D3-BF4B-00C04F79EFBC}") = "Repositories.Infrastructure", "Repositories.Infrastructure\Repositories.Infrastructure.csproj", "{3208E6B0-29FA-4731-9507-C8DC010B6667}"
EndProject
Project("{FAE04EC0-301F-11D3-BF4B-00C04F79EFBC}") = "Dependency.Infranstructure", "Dependency.Infranstructure\Dependency.Infranstructure.csproj", "{A4224F55-A3AD-4719-83EC-E9AA965201B7}"
EndProject
Project("{FAE04EC0-301F-11D3-BF4B-00C04F79EFBC}") = "MongoDb.Infranstructure", "MongoDb.Infranstructure\MongoDb.Infranstructure.csproj", "{4BCA1ACD-99E8-40DE-83C0-C496D2C4A9A1}"
EndProject
Global
	GlobalSection(SolutionConfigurationPlatforms) = preSolution
		Debug|Any CPU = Debug|Any CPU
		Release|Any CPU = Release|Any CPU
	EndGlobalSection
	GlobalSection(ProjectConfigurationPlatforms) = postSolution
		{42FD6F75-2A5F-4581-8CE2-DDB5216FEA2B}.Debug|Any CPU.ActiveCfg = Debug|Any CPU
		{42FD6F75-2A5F-4581-8CE2-DDB5216FEA2B}.Debug|Any CPU.Build.0 = Debug|Any CPU
		{42FD6F75-2A5F-4581-8CE2-DDB5216FEA2B}.Release|Any CPU.ActiveCfg = Release|Any CPU
		{42FD6F75-2A5F-4581-8CE2-DDB5216FEA2B}.Release|Any CPU.Build.0 = Release|Any CPU
		{F1C0DBE4-8679-4AA2-A0A5-566E67975C7F}.Debug|Any CPU.ActiveCfg = Debug|Any CPU
		{F1C0DBE4-8679-4AA2-A0A5-566E67975C7F}.Debug|Any CPU.Build.0 = Debug|Any CPU
		{F1C0DBE4-8679-4AA2-A0A5-566E67975C7F}.Release|Any CPU.ActiveCfg = Release|Any CPU
		{F1C0DBE4-8679-4AA2-A0A5-566E67975C7F}.Release|Any CPU.Build.0 = Release|Any CPU
		{5E2DECD3-EDB4-4B8F-B888-FD1E7A43101B}.Debug|Any CPU.ActiveCfg = Debug|Any CPU
		{5E2DECD3-EDB4-4B8F-B888-FD1E7A43101B}.Debug|Any CPU.Build.0 = Debug|Any CPU
		{5E2DECD3-EDB4-4B8F-B888-FD1E7A43101B}.Release|Any CPU.ActiveCfg = Release|Any CPU
		{5E2DECD3-EDB4-4B8F-B888-FD1E7A43101B}.Release|Any CPU.Build.0 = Release|Any CPU
		{532ACA35-99CE-4008-801C-4BCB1DA0EE34}.Debug|Any CPU.ActiveCfg = Debug|Any CPU
		{532ACA35-99CE-4008-801C-4BCB1DA0EE34}.Debug|Any CPU.Build.0 = Debug|Any CPU
		{532ACA35-99CE-4008-801C-4BCB1DA0EE34}.Release|Any CPU.ActiveCfg = Release|Any CPU
		{532ACA35-99CE-4008-801C-4BCB1DA0EE34}.Release|Any CPU.Build.0 = Release|Any CPU
		{41E791BB-6006-4159-B1D8-2BE2CF30D372}.Debug|Any CPU.ActiveCfg = Debug|Any CPU
		{41E791BB-6006-4159-B1D8-2BE2CF30D372}.Debug|Any CPU.Build.0 = Debug|Any CPU
		{41E791BB-6006-4159-B1D8-2BE2CF30D372}.Release|Any CPU.ActiveCfg = Release|Any CPU
		{41E791BB-6006-4159-B1D8-2BE2CF30D372}.Release|Any CPU.Build.0 = Release|Any CPU
		{E61E7910-569D-4142-A4D1-80DF36B24728}.Debug|Any CPU.ActiveCfg = Debug|Any CPU
		{E61E7910-569D-4142-A4D1-80DF36B24728}.Debug|Any CPU.Build.0 = Debug|Any CPU
		{E61E7910-569D-4142-A4D1-80DF36B24728}.Release|Any CPU.ActiveCfg = Release|Any CPU
		{E61E7910-569D-4142-A4D1-80DF36B24728}.Release|Any CPU.Build.0 = Release|Any CPU
		{113C9FBA-3FF5-4471-85DB-EA642A0B7581}.Debug|Any CPU.ActiveCfg = Debug|Any CPU
		{113C9FBA-3FF5-4471-85DB-EA642A0B7581}.Debug|Any CPU.Build.0 = Debug|Any CPU
		{113C9FBA-3FF5-4471-85DB-EA642A0B7581}.Release|Any CPU.ActiveCfg = Release|Any CPU
		{113C9FBA-3FF5-4471-85DB-EA642A0B7581}.Release|Any CPU.Build.0 = Release|Any CPU
		{3208E6B0-29FA-4731-9507-C8DC010B6667}.Debug|Any CPU.ActiveCfg = Debug|Any CPU
		{3208E6B0-29FA-4731-9507-C8DC010B6667}.Debug|Any CPU.Build.0 = Debug|Any CPU
		{3208E6B0-29FA-4731-9507-C8DC010B6667}.Release|Any CPU.ActiveCfg = Release|Any CPU
		{3208E6B0-29FA-4731-9507-C8DC010B6667}.Release|Any CPU.Build.0 = Release|Any CPU
		{A4224F55-A3AD-4719-83EC-E9AA965201B7}.Debug|Any CPU.ActiveCfg = Debug|Any CPU
		{A4224F55-A3AD-4719-83EC-E9AA965201B7}.Debug|Any CPU.Build.0 = Debug|Any CPU
		{A4224F55-A3AD-4719-83EC-E9AA965201B7}.Release|Any CPU.ActiveCfg = Release|Any CPU
		{A4224F55-A3AD-4719-83EC-E9AA965201B7}.Release|Any CPU.Build.0 = Release|Any CPU
		{4BCA1ACD-99E8-40DE-83C0-C496D2C4A9A1}.Debug|Any CPU.ActiveCfg = Debug|Any CPU
		{4BCA1ACD-99E8-40DE-83C0-C496D2C4A9A1}.Debug|Any CPU.Build.0 = Debug|Any CPU
		{4BCA1ACD-99E8-40DE-83C0-C496D2C4A9A1}.Release|Any CPU.ActiveCfg = Release|Any CPU
		{4BCA1ACD-99E8-40DE-83C0-C496D2C4A9A1}.Release|Any CPU.Build.0 = Release|Any CPU
	EndGlobalSection
	GlobalSection(SolutionProperties) = preSolution
		HideSolutionNode = FALSE
	EndGlobalSection
	GlobalSection(NestedProjects) = preSolution
		{42FD6F75-2A5F-4581-8CE2-DDB5216FEA2B} = {694DDF6D-3A25-4378-A901-18DA035F569F}
		{F1C0DBE4-8679-4AA2-A0A5-566E67975C7F} = {02EA681E-C7D8-13C7-8484-4AC65E1B71E8}
		{5E2DECD3-EDB4-4B8F-B888-FD1E7A43101B} = {563B99FD-A062-4B46-AD42-8772C6ABA419}
		{532ACA35-99CE-4008-801C-4BCB1DA0EE34} = {563B99FD-A062-4B46-AD42-8772C6ABA419}
		{41E791BB-6006-4159-B1D8-2BE2CF30D372} = {02EA681E-C7D8-13C7-8484-4AC65E1B71E8}
		{E61E7910-569D-4142-A4D1-80DF36B24728} = {54159A68-48A6-4498-B360-3CEE19943AFF}
		{02EA681E-C7D8-13C7-8484-4AC65E1B71E8} = {9FBBC480-1D34-4DED-81A9-0A8EFB49A7E6}
		{AB38A7B5-C3D9-492C-B3EB-53020AC22868} = {9FBBC480-1D34-4DED-81A9-0A8EFB49A7E6}
		{694DDF6D-3A25-4378-A901-18DA035F569F} = {9FBBC480-1D34-4DED-81A9-0A8EFB49A7E6}
		{563B99FD-A062-4B46-AD42-8772C6ABA419} = {9FBBC480-1D34-4DED-81A9-0A8EFB49A7E6}
		{113C9FBA-3FF5-4471-85DB-EA642A0B7581} = {AB38A7B5-C3D9-492C-B3EB-53020AC22868}
		{3208E6B0-29FA-4731-9507-C8DC010B6667} = {AB38A7B5-C3D9-492C-B3EB-53020AC22868}
		{A4224F55-A3AD-4719-83EC-E9AA965201B7} = {AB38A7B5-C3D9-492C-B3EB-53020AC22868}
		{4BCA1ACD-99E8-40DE-83C0-C496D2C4A9A1} = {AB38A7B5-C3D9-492C-B3EB-53020AC22868}
	EndGlobalSection
	GlobalSection(ExtensibilityGlobals) = postSolution
		SolutionGuid = {14447CFB-D3E5-448E-87EF-A24423D8B8D1}
	EndGlobalSection
EndGlobal
