
Microsoft Visual Studio Solution File, Format Version 12.00
# Visual Studio Version 17
VisualStudioVersion = 17.8.34322.80
MinimumVisualStudioVersion = 10.0.40219.1
Project("{2150E333-8FDC-42A3-9474-1A3956D46DE8}") = "SideCars", "SideCars", "{54159A68-48A6-4498-B360-3CEE19943AFF}"
EndProject
Project("{2150E333-8FDC-42A3-9474-1A3956D46DE8}") = "Posts", "Posts", "{9FBBC480-1D34-4DED-81A9-0A8EFB49A7E6}"
EndProject
Project("{FAE04EC0-301F-11D3-BF4B-00C04F79EFBC}") = "DomainEntity", "DomainEntity\DomainEntity.csproj", "{42FD6F75-2A5F-4581-8CE2-DDB5216FEA2B}"
EndProject
Project("{FAE04EC0-301F-11D3-BF4B-00C04F79EFBC}") = "Infractructure", "Infractructure\Infractructure.csproj", "{04C92DE9-301D-43FA-815E-8E3E70A60175}"
EndProject
Project("{FAE04EC0-301F-11D3-BF4B-00C04F79EFBC}") = "ReadWebApi", "ReadWebApi\ReadWebApi.csproj", "{F1C0DBE4-8679-4AA2-A0A5-566E67975C7F}"
EndProject
Project("{FAE04EC0-301F-11D3-BF4B-00C04F79EFBC}") = "Repository", "Repository\Repository.csproj", "{5E2DECD3-EDB4-4B8F-B888-FD1E7A43101B}"
EndProject
Project("{FAE04EC0-301F-11D3-BF4B-00C04F79EFBC}") = "Service", "Services\Service.csproj", "{532ACA35-99CE-4008-801C-4BCB1DA0EE34}"
EndProject
Project("{FAE04EC0-301F-11D3-BF4B-00C04F79EFBC}") = "WriteWebApi", "WriteWebApi\WriteWebApi.csproj", "{41E791BB-6006-4159-B1D8-2BE2CF30D372}"
EndProject
Project("{FAE04EC0-301F-11D3-BF4B-00C04F79EFBC}") = "SyncingSidecar", "SyncingSidecar\SyncingSidecar.csproj", "{E61E7910-569D-4142-A4D1-80DF36B24728}"
EndProject
Global
	GlobalSection(SolutionConfigurationPlatforms) = preSolution
		Debug|Any CPU = Debug|Any CPU
		Release|Any CPU = Release|Any CPU
	EndGlobalSection
	GlobalSection(ProjectConfigurationPlatforms) = postSolution
		{42FD6F75-2A5F-4581-8CE2-DDB5216FEA2B}.Debug|Any CPU.ActiveCfg = Debug|Any CPU
		{42FD6F75-2A5F-4581-8CE2-DDB5216FEA2B}.Debug|Any CPU.Build.0 = Debug|Any CPU
		{42FD6F75-2A5F-4581-8CE2-DDB5216FEA2B}.Release|Any CPU.ActiveCfg = Release|Any CPU
		{42FD6F75-2A5F-4581-8CE2-DDB5216FEA2B}.Release|Any CPU.Build.0 = Release|Any CPU
		{04C92DE9-301D-43FA-815E-8E3E70A60175}.Debug|Any CPU.ActiveCfg = Debug|Any CPU
		{04C92DE9-301D-43FA-815E-8E3E70A60175}.Debug|Any CPU.Build.0 = Debug|Any CPU
		{04C92DE9-301D-43FA-815E-8E3E70A60175}.Release|Any CPU.ActiveCfg = Release|Any CPU
		{04C92DE9-301D-43FA-815E-8E3E70A60175}.Release|Any CPU.Build.0 = Release|Any CPU
		{F1C0DBE4-8679-4AA2-A0A5-566E67975C7F}.Debug|Any CPU.ActiveCfg = Debug|Any CPU
		{F1C0DBE4-8679-4AA2-A0A5-566E67975C7F}.Debug|Any CPU.Build.0 = Debug|Any CPU
		{F1C0DBE4-8679-4AA2-A0A5-566E67975C7F}.Release|Any CPU.ActiveCfg = Release|Any CPU
		{F1C0DBE4-8679-4AA2-A0A5-566E67975C7F}.Release|Any CPU.Build.0 = Release|Any CPU
		{5E2DECD3-EDB4-4B8F-B888-FD1E7A43101B}.Debug|Any CPU.ActiveCfg = Debug|Any CPU
		{5E2DECD3-EDB4-4B8F-B888-FD1E7A43101B}.Debug|Any CPU.Build.0 = Debug|Any CPU
		{5E2DECD3-EDB4-4B8F-B888-FD1E7A43101B}.Release|Any CPU.ActiveCfg = Release|Any CPU
		{5E2DECD3-EDB4-4B8F-B888-FD1E7A43101B}.Release|Any CPU.Build.0 = Release|Any CPU
		{532ACA35-99CE-4008-801C-4BCB1DA0EE34}.Debug|Any CPU.ActiveCfg = Debug|Any CPU
		{532ACA35-99CE-4008-801C-4BCB1DA0EE34}.Debug|Any CPU.Build.0 = Debug|Any CPU
		{532ACA35-99CE-4008-801C-4BCB1DA0EE34}.Release|Any CPU.ActiveCfg = Release|Any CPU
		{532ACA35-99CE-4008-801C-4BCB1DA0EE34}.Release|Any CPU.Build.0 = Release|Any CPU
		{41E791BB-6006-4159-B1D8-2BE2CF30D372}.Debug|Any CPU.ActiveCfg = Debug|Any CPU
		{41E791BB-6006-4159-B1D8-2BE2CF30D372}.Debug|Any CPU.Build.0 = Debug|Any CPU
		{41E791BB-6006-4159-B1D8-2BE2CF30D372}.Release|Any CPU.ActiveCfg = Release|Any CPU
		{41E791BB-6006-4159-B1D8-2BE2CF30D372}.Release|Any CPU.Build.0 = Release|Any CPU
		{E61E7910-569D-4142-A4D1-80DF36B24728}.Debug|Any CPU.ActiveCfg = Debug|Any CPU
		{E61E7910-569D-4142-A4D1-80DF36B24728}.Debug|Any CPU.Build.0 = Debug|Any CPU
		{E61E7910-569D-4142-A4D1-80DF36B24728}.Release|Any CPU.ActiveCfg = Release|Any CPU
		{E61E7910-569D-4142-A4D1-80DF36B24728}.Release|Any CPU.Build.0 = Release|Any CPU
	EndGlobalSection
	GlobalSection(SolutionProperties) = preSolution
		HideSolutionNode = FALSE
	EndGlobalSection
	GlobalSection(NestedProjects) = preSolution
		{42FD6F75-2A5F-4581-8CE2-DDB5216FEA2B} = {9FBBC480-1D34-4DED-81A9-0A8EFB49A7E6}
		{04C92DE9-301D-43FA-815E-8E3E70A60175} = {9FBBC480-1D34-4DED-81A9-0A8EFB49A7E6}
		{F1C0DBE4-8679-4AA2-A0A5-566E67975C7F} = {9FBBC480-1D34-4DED-81A9-0A8EFB49A7E6}
		{5E2DECD3-EDB4-4B8F-B888-FD1E7A43101B} = {9FBBC480-1D34-4DED-81A9-0A8EFB49A7E6}
		{532ACA35-99CE-4008-801C-4BCB1DA0EE34} = {9FBBC480-1D34-4DED-81A9-0A8EFB49A7E6}
		{41E791BB-6006-4159-B1D8-2BE2CF30D372} = {9FBBC480-1D34-4DED-81A9-0A8EFB49A7E6}
		{E61E7910-569D-4142-A4D1-80DF36B24728} = {54159A68-48A6-4498-B360-3CEE19943AFF}
	EndGlobalSection
	GlobalSection(ExtensibilityGlobals) = postSolution
		SolutionGuid = {14447CFB-D3E5-448E-87EF-A24423D8B8D1}
	EndGlobalSection
EndGlobal
