
Microsoft Visual Studio Solution File, Format Version 12.00
# Visual Studio Version 17
VisualStudioVersion = 17.8.34322.80
MinimumVisualStudioVersion = 10.0.40219.1
Project("{9A19103F-16F7-4668-BE54-9A1E7A4F7556}") = "CulturalShare.PostRead.API", "CulturalShare.PostRead.API\CulturalShare.PostRead.API.csproj", "{11FBE5FF-4C6C-4168-9C9D-5736B9B28CC9}"
EndProject
Project("{9A19103F-16F7-4668-BE54-9A1E7A4F7556}") = "CulturalShare.PostRead.Domain", "CulturalShare.PostRead.Domain\CulturalShare.PostRead.Domain.csproj", "{9A52485D-605E-48BF-BDD4-DE932BFC93B8}"
EndProject
Project("{9A19103F-16F7-4668-BE54-9A1E7A4F7556}") = "CulturalShare.PostRead.Repositories", "CulturalShare.PostRead.Repositories\CulturalShare.PostRead.Repositories.csproj", "{A0C79E50-AF14-4DAB-9D18-5ECD07CB1DC2}"
EndProject
Project("{9A19103F-16F7-4668-BE54-9A1E7A4F7556}") = "CulturalShare.PostRead.Services", "CulturalShare.PostRead.Services\CulturalShare.PostRead.Services.csproj", "{EB8BCE2A-B40E-46C5-BE77-EBF4047734E0}"
EndProject
Project("{9A19103F-16F7-4668-BE54-9A1E7A4F7556}") = "CulturalShare.Posts.Data", "CulturalShare.Posts.Data\CulturalShare.Posts.Data.csproj", "{E0F711E8-1CD2-4104-A08D-13F79CA5B23E}"
EndProject
Project("{9A19103F-16F7-4668-BE54-9A1E7A4F7556}") = "CulturalShare.PostWrite.API", "CulturalShare.PostWrite.API\CulturalShare.PostWrite.API.csproj", "{A3BAFE19-DCC0-4950-9DBB-D43D15B66F1B}"
EndProject
Project("{9A19103F-16F7-4668-BE54-9A1E7A4F7556}") = "CulturalShare.PostWrite.Domain", "CulturalShare.PostWrite.Domain\CulturalShare.PostWrite.Domain.csproj", "{7A098455-42F5-47E9-96DA-8308E3563619}"
EndProject
Project("{9A19103F-16F7-4668-BE54-9A1E7A4F7556}") = "CulturalShare.PostWrite.Repositories", "CulturalShare.PostWrite.Repositories\CulturalShare.PostWrite.Repositories.csproj", "{67584EC5-7DCB-41A4-A2DC-B4EA2716FE9E}"
EndProject
Project("{9A19103F-16F7-4668-BE54-9A1E7A4F7556}") = "CulturalShare.PostWrite.Services", "CulturalShare.PostWrite.Services\CulturalShare.PostWrite.Services.csproj", "{DD8E9CA8-CE5A-40E0-AB55-0E641725B898}"
EndProject
Project("{2150E333-8FDC-42A3-9474-1A3956D46DE8}") = "PostsRead", "PostsRead", "{04BFCFF2-3682-4032-8ECB-ADCBBC49C1E1}"
EndProject
Project("{2150E333-8FDC-42A3-9474-1A3956D46DE8}") = "PostsWrite", "PostsWrite", "{561604BC-D509-4B01-8D6E-2F2F745CC0C1}"
EndProject
Project("{2150E333-8FDC-42A3-9474-1A3956D46DE8}") = "Shared", "Shared", "{8C5CF035-7446-45A3-8F72-06F1BFF3B5A0}"
EndProject
Project("{9A19103F-16F7-4668-BE54-9A1E7A4F7556}") = "CulturalShare.MongoSidecar", "CulturaShare.MongoSidecar\CulturalShare.MongoSidecar.csproj", "{82195230-B77A-4049-B429-7BC835D9717D}"
EndProject
Project("{2150E333-8FDC-42A3-9474-1A3956D46DE8}") = "SideCars", "SideCars", "{54159A68-48A6-4498-B360-3CEE19943AFF}"
EndProject
Global
	GlobalSection(SolutionConfigurationPlatforms) = preSolution
		Debug|Any CPU = Debug|Any CPU
		Release|Any CPU = Release|Any CPU
	EndGlobalSection
	GlobalSection(ProjectConfigurationPlatforms) = postSolution
		{11FBE5FF-4C6C-4168-9C9D-5736B9B28CC9}.Debug|Any CPU.ActiveCfg = Debug|Any CPU
		{11FBE5FF-4C6C-4168-9C9D-5736B9B28CC9}.Debug|Any CPU.Build.0 = Debug|Any CPU
		{11FBE5FF-4C6C-4168-9C9D-5736B9B28CC9}.Release|Any CPU.ActiveCfg = Release|Any CPU
		{11FBE5FF-4C6C-4168-9C9D-5736B9B28CC9}.Release|Any CPU.Build.0 = Release|Any CPU
		{9A52485D-605E-48BF-BDD4-DE932BFC93B8}.Debug|Any CPU.ActiveCfg = Debug|Any CPU
		{9A52485D-605E-48BF-BDD4-DE932BFC93B8}.Debug|Any CPU.Build.0 = Debug|Any CPU
		{9A52485D-605E-48BF-BDD4-DE932BFC93B8}.Release|Any CPU.ActiveCfg = Release|Any CPU
		{9A52485D-605E-48BF-BDD4-DE932BFC93B8}.Release|Any CPU.Build.0 = Release|Any CPU
		{A0C79E50-AF14-4DAB-9D18-5ECD07CB1DC2}.Debug|Any CPU.ActiveCfg = Debug|Any CPU
		{A0C79E50-AF14-4DAB-9D18-5ECD07CB1DC2}.Debug|Any CPU.Build.0 = Debug|Any CPU
		{A0C79E50-AF14-4DAB-9D18-5ECD07CB1DC2}.Release|Any CPU.ActiveCfg = Release|Any CPU
		{A0C79E50-AF14-4DAB-9D18-5ECD07CB1DC2}.Release|Any CPU.Build.0 = Release|Any CPU
		{EB8BCE2A-B40E-46C5-BE77-EBF4047734E0}.Debug|Any CPU.ActiveCfg = Debug|Any CPU
		{EB8BCE2A-B40E-46C5-BE77-EBF4047734E0}.Debug|Any CPU.Build.0 = Debug|Any CPU
		{EB8BCE2A-B40E-46C5-BE77-EBF4047734E0}.Release|Any CPU.ActiveCfg = Release|Any CPU
		{EB8BCE2A-B40E-46C5-BE77-EBF4047734E0}.Release|Any CPU.Build.0 = Release|Any CPU
		{E0F711E8-1CD2-4104-A08D-13F79CA5B23E}.Debug|Any CPU.ActiveCfg = Debug|Any CPU
		{E0F711E8-1CD2-4104-A08D-13F79CA5B23E}.Debug|Any CPU.Build.0 = Debug|Any CPU
		{E0F711E8-1CD2-4104-A08D-13F79CA5B23E}.Release|Any CPU.ActiveCfg = Release|Any CPU
		{E0F711E8-1CD2-4104-A08D-13F79CA5B23E}.Release|Any CPU.Build.0 = Release|Any CPU
		{A3BAFE19-DCC0-4950-9DBB-D43D15B66F1B}.Debug|Any CPU.ActiveCfg = Debug|Any CPU
		{A3BAFE19-DCC0-4950-9DBB-D43D15B66F1B}.Debug|Any CPU.Build.0 = Debug|Any CPU
		{A3BAFE19-DCC0-4950-9DBB-D43D15B66F1B}.Release|Any CPU.ActiveCfg = Release|Any CPU
		{A3BAFE19-DCC0-4950-9DBB-D43D15B66F1B}.Release|Any CPU.Build.0 = Release|Any CPU
		{7A098455-42F5-47E9-96DA-8308E3563619}.Debug|Any CPU.ActiveCfg = Debug|Any CPU
		{7A098455-42F5-47E9-96DA-8308E3563619}.Debug|Any CPU.Build.0 = Debug|Any CPU
		{7A098455-42F5-47E9-96DA-8308E3563619}.Release|Any CPU.ActiveCfg = Release|Any CPU
		{7A098455-42F5-47E9-96DA-8308E3563619}.Release|Any CPU.Build.0 = Release|Any CPU
		{67584EC5-7DCB-41A4-A2DC-B4EA2716FE9E}.Debug|Any CPU.ActiveCfg = Debug|Any CPU
		{67584EC5-7DCB-41A4-A2DC-B4EA2716FE9E}.Debug|Any CPU.Build.0 = Debug|Any CPU
		{67584EC5-7DCB-41A4-A2DC-B4EA2716FE9E}.Release|Any CPU.ActiveCfg = Release|Any CPU
		{67584EC5-7DCB-41A4-A2DC-B4EA2716FE9E}.Release|Any CPU.Build.0 = Release|Any CPU
		{DD8E9CA8-CE5A-40E0-AB55-0E641725B898}.Debug|Any CPU.ActiveCfg = Debug|Any CPU
		{DD8E9CA8-CE5A-40E0-AB55-0E641725B898}.Debug|Any CPU.Build.0 = Debug|Any CPU
		{DD8E9CA8-CE5A-40E0-AB55-0E641725B898}.Release|Any CPU.ActiveCfg = Release|Any CPU
		{DD8E9CA8-CE5A-40E0-AB55-0E641725B898}.Release|Any CPU.Build.0 = Release|Any CPU
		{82195230-B77A-4049-B429-7BC835D9717D}.Debug|Any CPU.ActiveCfg = Debug|Any CPU
		{82195230-B77A-4049-B429-7BC835D9717D}.Debug|Any CPU.Build.0 = Debug|Any CPU
		{82195230-B77A-4049-B429-7BC835D9717D}.Release|Any CPU.ActiveCfg = Release|Any CPU
		{82195230-B77A-4049-B429-7BC835D9717D}.Release|Any CPU.Build.0 = Release|Any CPU
	EndGlobalSection
	GlobalSection(SolutionProperties) = preSolution
		HideSolutionNode = FALSE
	EndGlobalSection
	GlobalSection(NestedProjects) = preSolution
		{11FBE5FF-4C6C-4168-9C9D-5736B9B28CC9} = {04BFCFF2-3682-4032-8ECB-ADCBBC49C1E1}
		{9A52485D-605E-48BF-BDD4-DE932BFC93B8} = {04BFCFF2-3682-4032-8ECB-ADCBBC49C1E1}
		{A0C79E50-AF14-4DAB-9D18-5ECD07CB1DC2} = {04BFCFF2-3682-4032-8ECB-ADCBBC49C1E1}
		{EB8BCE2A-B40E-46C5-BE77-EBF4047734E0} = {04BFCFF2-3682-4032-8ECB-ADCBBC49C1E1}
		{E0F711E8-1CD2-4104-A08D-13F79CA5B23E} = {8C5CF035-7446-45A3-8F72-06F1BFF3B5A0}
		{A3BAFE19-DCC0-4950-9DBB-D43D15B66F1B} = {561604BC-D509-4B01-8D6E-2F2F745CC0C1}
		{7A098455-42F5-47E9-96DA-8308E3563619} = {561604BC-D509-4B01-8D6E-2F2F745CC0C1}
		{67584EC5-7DCB-41A4-A2DC-B4EA2716FE9E} = {561604BC-D509-4B01-8D6E-2F2F745CC0C1}
		{DD8E9CA8-CE5A-40E0-AB55-0E641725B898} = {561604BC-D509-4B01-8D6E-2F2F745CC0C1}
		{82195230-B77A-4049-B429-7BC835D9717D} = {54159A68-48A6-4498-B360-3CEE19943AFF}
	EndGlobalSection
	GlobalSection(ExtensibilityGlobals) = postSolution
		SolutionGuid = {14447CFB-D3E5-448E-87EF-A24423D8B8D1}
	EndGlobalSection
EndGlobal
